
Microsoft Visual Studio Solution File, Format Version 12.00
# Visual Studio Version 17
VisualStudioVersion = 17.8.34330.188
MinimumVisualStudioVersion = 10.0.40219.1
Project("{FAE04EC0-301F-11D3-BF4B-00C04F79EFBC}") = "Amp12A_603_StokTakipProgramı", "Amp12A_603_StokTakipProgramı\Amp12A_603_StokTakipProgramı.csproj", "{80805FD2-B2B3-4DC0-B389-0CB13D271FCC}"
EndProject
Global
	GlobalSection(SolutionConfigurationPlatforms) = preSolution
		Debug|Any CPU = Debug|Any CPU
		Release|Any CPU = Release|Any CPU
	EndGlobalSection
	GlobalSection(ProjectConfigurationPlatforms) = postSolution
		{80805FD2-B2B3-4DC0-B389-0CB13D271FCC}.Debug|Any CPU.ActiveCfg = Debug|Any CPU
		{80805FD2-B2B3-4DC0-B389-0CB13D271FCC}.Debug|Any CPU.Build.0 = Debug|Any CPU
		{80805FD2-B2B3-4DC0-B389-0CB13D271FCC}.Release|Any CPU.ActiveCfg = Release|Any CPU
		{80805FD2-B2B3-4DC0-B389-0CB13D271FCC}.Release|Any CPU.Build.0 = Release|Any CPU
	EndGlobalSection
	GlobalSection(SolutionProperties) = preSolution
		HideSolutionNode = FALSE
	EndGlobalSection
	GlobalSection(ExtensibilityGlobals) = postSolution
		SolutionGuid = {B74286ED-8902-4A5A-A387-74FCF4386FB8}
	EndGlobalSection
EndGlobal
